
Microsoft Visual Studio Solution File, Format Version 12.00
# Visual Studio Version 16
VisualStudioVersion = 16.0.31410.357
MinimumVisualStudioVersion = 10.0.40219.1
Project("{9A19103F-16F7-4668-BE54-9A1E7A4F7556}") = "TicTacToeUI", "TicTacToeUI\TicTacToeUI.csproj", "{82D6639C-00F4-4A4F-B39C-DA349B2475EC}"
EndProject
Project("{9A19103F-16F7-4668-BE54-9A1E7A4F7556}") = "TicTacToeDataAccessLibrary", "TrisDataAccessLibrary\TicTacToeDataAccessLibrary.csproj", "{D98EFEE3-04F7-4CCE-9E2B-E05B0F740FAD}"
EndProject
Global
	GlobalSection(SolutionConfigurationPlatforms) = preSolution
		Debug|Any CPU = Debug|Any CPU
		Release|Any CPU = Release|Any CPU
	EndGlobalSection
	GlobalSection(ProjectConfigurationPlatforms) = postSolution
		{82D6639C-00F4-4A4F-B39C-DA349B2475EC}.Debug|Any CPU.ActiveCfg = Debug|Any CPU
		{82D6639C-00F4-4A4F-B39C-DA349B2475EC}.Debug|Any CPU.Build.0 = Debug|Any CPU
		{82D6639C-00F4-4A4F-B39C-DA349B2475EC}.Release|Any CPU.ActiveCfg = Release|Any CPU
		{82D6639C-00F4-4A4F-B39C-DA349B2475EC}.Release|Any CPU.Build.0 = Release|Any CPU
		{D98EFEE3-04F7-4CCE-9E2B-E05B0F740FAD}.Debug|Any CPU.ActiveCfg = Debug|Any CPU
		{D98EFEE3-04F7-4CCE-9E2B-E05B0F740FAD}.Debug|Any CPU.Build.0 = Debug|Any CPU
		{D98EFEE3-04F7-4CCE-9E2B-E05B0F740FAD}.Release|Any CPU.ActiveCfg = Release|Any CPU
		{D98EFEE3-04F7-4CCE-9E2B-E05B0F740FAD}.Release|Any CPU.Build.0 = Release|Any CPU
	EndGlobalSection
	GlobalSection(SolutionProperties) = preSolution
		HideSolutionNode = FALSE
	EndGlobalSection
	GlobalSection(ExtensibilityGlobals) = postSolution
		SolutionGuid = {D177B75B-3F22-4250-AF77-E79F7AF0F7D3}
	EndGlobalSection
EndGlobal
